// !$*UTF8*$!
{
	archiveVersion = 1;
	classes = {
	};
	objectVersion = 56;
	objects = {

/* Begin PBXBuildFile section */
		5EC41D8729C67D5100EB7FEE /* AppDelegate.swift in Sources */ = {isa = PBXBuildFile; fileRef = 5EC41D8629C67D5100EB7FEE /* AppDelegate.swift */; };
		5EC41D8929C67D5100EB7FEE /* SceneDelegate.swift in Sources */ = {isa = PBXBuildFile; fileRef = 5EC41D8829C67D5100EB7FEE /* SceneDelegate.swift */; };
		5EC41D8B29C67D5100EB7FEE /* ViewController.swift in Sources */ = {isa = PBXBuildFile; fileRef = 5EC41D8A29C67D5100EB7FEE /* ViewController.swift */; };
		5EC41D8E29C67D5100EB7FEE /* Main.storyboard in Resources */ = {isa = PBXBuildFile; fileRef = 5EC41D8C29C67D5100EB7FEE /* Main.storyboard */; };
		5EC41D9029C67D5200EB7FEE /* Assets.xcassets in Resources */ = {isa = PBXBuildFile; fileRef = 5EC41D8F29C67D5200EB7FEE /* Assets.xcassets */; };
		5EC41D9329C67D5200EB7FEE /* LaunchScreen.storyboard in Resources */ = {isa = PBXBuildFile; fileRef = 5EC41D9129C67D5200EB7FEE /* LaunchScreen.storyboard */; };
		5EC41D9C29C67E1000EB7FEE /* Constants.swift in Sources */ = {isa = PBXBuildFile; fileRef = 5EC41D9B29C67E1000EB7FEE /* Constants.swift */; };
		ED6886182BA00BCB0C8D44E3 /* Pods_FinancialModel.framework in Frameworks */ = {isa = PBXBuildFile; fileRef = 2991487D2222B96232AA1770 /* Pods_FinancialModel.framework */; };
/* End PBXBuildFile section */

/* Begin PBXFileReference section */
		2991487D2222B96232AA1770 /* Pods_FinancialModel.framework */ = {isa = PBXFileReference; explicitFileType = wrapper.framework; includeInIndex = 0; path = Pods_FinancialModel.framework; sourceTree = BUILT_PRODUCTS_DIR; };
		5EC41D8329C67D5100EB7FEE /* FinancialModel.app */ = {isa = PBXFileReference; explicitFileType = wrapper.application; includeInIndex = 0; path = FinancialModel.app; sourceTree = BUILT_PRODUCTS_DIR; };
		5EC41D8629C67D5100EB7FEE /* AppDelegate.swift */ = {isa = PBXFileReference; lastKnownFileType = sourcecode.swift; path = AppDelegate.swift; sourceTree = "<group>"; };
		5EC41D8829C67D5100EB7FEE /* SceneDelegate.swift */ = {isa = PBXFileReference; lastKnownFileType = sourcecode.swift; path = SceneDelegate.swift; sourceTree = "<group>"; };
		5EC41D8A29C67D5100EB7FEE /* ViewController.swift */ = {isa = PBXFileReference; lastKnownFileType = sourcecode.swift; path = ViewController.swift; sourceTree = "<group>"; };
		5EC41D8D29C67D5100EB7FEE /* Base */ = {isa = PBXFileReference; lastKnownFileType = file.storyboard; name = Base; path = Base.lproj/Main.storyboard; sourceTree = "<group>"; };
		5EC41D8F29C67D5200EB7FEE /* Assets.xcassets */ = {isa = PBXFileReference; lastKnownFileType = folder.assetcatalog; path = Assets.xcassets; sourceTree = "<group>"; };
		5EC41D9229C67D5200EB7FEE /* Base */ = {isa = PBXFileReference; lastKnownFileType = file.storyboard; name = Base; path = Base.lproj/LaunchScreen.storyboard; sourceTree = "<group>"; };
		5EC41D9429C67D5200EB7FEE /* Info.plist */ = {isa = PBXFileReference; lastKnownFileType = text.plist.xml; path = Info.plist; sourceTree = "<group>"; };
		5EC41D9B29C67E1000EB7FEE /* Constants.swift */ = {isa = PBXFileReference; lastKnownFileType = sourcecode.swift; path = Constants.swift; sourceTree = "<group>"; };
		C6952BEF8D630BA645C00431 /* Pods-FinancialModel.debug.xcconfig */ = {isa = PBXFileReference; includeInIndex = 1; lastKnownFileType = text.xcconfig; name = "Pods-FinancialModel.debug.xcconfig"; path = "Target Support Files/Pods-FinancialModel/Pods-FinancialModel.debug.xcconfig"; sourceTree = "<group>"; };
		D00D509F02C18EF7A14F7C63 /* Pods-FinancialModel.release.xcconfig */ = {isa = PBXFileReference; includeInIndex = 1; lastKnownFileType = text.xcconfig; name = "Pods-FinancialModel.release.xcconfig"; path = "Target Support Files/Pods-FinancialModel/Pods-FinancialModel.release.xcconfig"; sourceTree = "<group>"; };
/* End PBXFileReference section */

/* Begin PBXFrameworksBuildPhase section */
		5EC41D8029C67D5100EB7FEE /* Frameworks */ = {
			isa = PBXFrameworksBuildPhase;
			buildActionMask = 2147483647;
			files = (
				ED6886182BA00BCB0C8D44E3 /* Pods_FinancialModel.framework in Frameworks */,
			);
			runOnlyForDeploymentPostprocessing = 0;
		};
/* End PBXFrameworksBuildPhase section */

/* Begin PBXGroup section */
		5EC41D7A29C67D5100EB7FEE = {
			isa = PBXGroup;
			children = (
				5EC41D8529C67D5100EB7FEE /* FinancialModel */,
				5EC41D8429C67D5100EB7FEE /* Products */,
				D52CA390A49088E3C0F4BABB /* Pods */,
				82A9F9559DCA78B41D5C23F2 /* Frameworks */,
			);
			sourceTree = "<group>";
		};
		5EC41D8429C67D5100EB7FEE /* Products */ = {
			isa = PBXGroup;
			children = (
				5EC41D8329C67D5100EB7FEE /* FinancialModel.app */,
			);
			name = Products;
			sourceTree = "<group>";
		};
		5EC41D8529C67D5100EB7FEE /* FinancialModel */ = {
			isa = PBXGroup;
			children = (
				5EC41D9A29C67DE300EB7FEE /* Utilis */,
				5EC41D8629C67D5100EB7FEE /* AppDelegate.swift */,
				5EC41D8829C67D5100EB7FEE /* SceneDelegate.swift */,
				5EC41D8A29C67D5100EB7FEE /* ViewController.swift */,
				5EC41D8C29C67D5100EB7FEE /* Main.storyboard */,
				5EC41D8F29C67D5200EB7FEE /* Assets.xcassets */,
				5EC41D9129C67D5200EB7FEE /* LaunchScreen.storyboard */,
				5EC41D9429C67D5200EB7FEE /* Info.plist */,
			);
			path = FinancialModel;
			sourceTree = "<group>";
		};
		5EC41D9A29C67DE300EB7FEE /* Utilis */ = {
			isa = PBXGroup;
			children = (
				5EC41D9B29C67E1000EB7FEE /* Constants.swift */,
			);
			path = Utilis;
			sourceTree = "<group>";
		};
		82A9F9559DCA78B41D5C23F2 /* Frameworks */ = {
			isa = PBXGroup;
			children = (
				2991487D2222B96232AA1770 /* Pods_FinancialModel.framework */,
			);
			name = Frameworks;
			sourceTree = "<group>";
		};
		D52CA390A49088E3C0F4BABB /* Pods */ = {
			isa = PBXGroup;
			children = (
				C6952BEF8D630BA645C00431 /* Pods-FinancialModel.debug.xcconfig */,
				D00D509F02C18EF7A14F7C63 /* Pods-FinancialModel.release.xcconfig */,
			);
			name = Pods;
			path = Pods;
			sourceTree = "<group>";
		};
/* End PBXGroup section */

/* Begin PBXNativeTarget section */
		5EC41D8229C67D5100EB7FEE /* FinancialModel */ = {
			isa = PBXNativeTarget;
			buildConfigurationList = 5EC41D9729C67D5200EB7FEE /* Build configuration list for PBXNativeTarget "FinancialModel" */;
			buildPhases = (
				AF2D6B59643C2DA2DEFCA826 /* [CP] Check Pods Manifest.lock */,
				5EC41D7F29C67D5100EB7FEE /* Sources */,
				5EC41D8029C67D5100EB7FEE /* Frameworks */,
				5EC41D8129C67D5100EB7FEE /* Resources */,
				9475369E0D3255EA94CF6109 /* [CP] Embed Pods Frameworks */,
			);
			buildRules = (
			);
			dependencies = (
			);
			name = FinancialModel;
			productName = FinancialModel;
			productReference = 5EC41D8329C67D5100EB7FEE /* FinancialModel.app */;
			productType = "com.apple.product-type.application";
		};
/* End PBXNativeTarget section */

/* Begin PBXProject section */
		5EC41D7B29C67D5100EB7FEE /* Project object */ = {
			isa = PBXProject;
			attributes = {
				BuildIndependentTargetsInParallel = 1;
				LastSwiftUpdateCheck = 1420;
				LastUpgradeCheck = 1420;
				TargetAttributes = {
					5EC41D8229C67D5100EB7FEE = {
						CreatedOnToolsVersion = 14.2;
					};
				};
			};
			buildConfigurationList = 5EC41D7E29C67D5100EB7FEE /* Build configuration list for PBXProject "FinancialModel" */;
			compatibilityVersion = "Xcode 14.0";
			developmentRegion = en;
			hasScannedForEncodings = 0;
			knownRegions = (
				en,
				Base,
			);
			mainGroup = 5EC41D7A29C67D5100EB7FEE;
			productRefGroup = 5EC41D8429C67D5100EB7FEE /* Products */;
			projectDirPath = "";
			projectRoot = "";
			targets = (
				5EC41D8229C67D5100EB7FEE /* FinancialModel */,
			);
		};
/* End PBXProject section */

/* Begin PBXResourcesBuildPhase section */
		5EC41D8129C67D5100EB7FEE /* Resources */ = {
			isa = PBXResourcesBuildPhase;
			buildActionMask = 2147483647;
			files = (
				5EC41D9329C67D5200EB7FEE /* LaunchScreen.storyboard in Resources */,
				5EC41D9029C67D5200EB7FEE /* Assets.xcassets in Resources */,
				5EC41D8E29C67D5100EB7FEE /* Main.storyboard in Resources */,
			);
			runOnlyForDeploymentPostprocessing = 0;
		};
/* End PBXResourcesBuildPhase section */

/* Begin PBXShellScriptBuildPhase section */
		9475369E0D3255EA94CF6109 /* [CP] Embed Pods Frameworks */ = {
			isa = PBXShellScriptBuildPhase;
			buildActionMask = 2147483647;
			files = (
			);
			inputFileListPaths = (
				"${PODS_ROOT}/Target Support Files/Pods-FinancialModel/Pods-FinancialModel-frameworks-${CONFIGURATION}-input-files.xcfilelist",
			);
			name = "[CP] Embed Pods Frameworks";
			outputFileListPaths = (
				"${PODS_ROOT}/Target Support Files/Pods-FinancialModel/Pods-FinancialModel-frameworks-${CONFIGURATION}-output-files.xcfilelist",
			);
			runOnlyForDeploymentPostprocessing = 0;
			shellPath = /bin/sh;
			shellScript = "\"${PODS_ROOT}/Target Support Files/Pods-FinancialModel/Pods-FinancialModel-frameworks.sh\"\n";
			showEnvVarsInLog = 0;
		};
		AF2D6B59643C2DA2DEFCA826 /* [CP] Check Pods Manifest.lock */ = {
			isa = PBXShellScriptBuildPhase;
			buildActionMask = 2147483647;
			files = (
			);
			inputFileListPaths = (
			);
			inputPaths = (
				"${PODS_PODFILE_DIR_PATH}/Podfile.lock",
				"${PODS_ROOT}/Manifest.lock",
			);
			name = "[CP] Check Pods Manifest.lock";
			outputFileListPaths = (
			);
			outputPaths = (
				"$(DERIVED_FILE_DIR)/Pods-FinancialModel-checkManifestLockResult.txt",
			);
			runOnlyForDeploymentPostprocessing = 0;
			shellPath = /bin/sh;
			shellScript = "diff \"${PODS_PODFILE_DIR_PATH}/Podfile.lock\" \"${PODS_ROOT}/Manifest.lock\" > /dev/null\nif [ $? != 0 ] ; then\n    # print error to STDERR\n    echo \"error: The sandbox is not in sync with the Podfile.lock. Run 'pod install' or update your CocoaPods installation.\" >&2\n    exit 1\nfi\n# This output is used by Xcode 'outputs' to avoid re-running this script phase.\necho \"SUCCESS\" > \"${SCRIPT_OUTPUT_FILE_0}\"\n";
			showEnvVarsInLog = 0;
		};
/* End PBXShellScriptBuildPhase section */

/* Begin PBXSourcesBuildPhase section */
		5EC41D7F29C67D5100EB7FEE /* Sources */ = {
			isa = PBXSourcesBuildPhase;
			buildActionMask = 2147483647;
			files = (
				5EC41D8B29C67D5100EB7FEE /* ViewController.swift in Sources */,
				5EC41D8729C67D5100EB7FEE /* AppDelegate.swift in Sources */,
				5EC41D8929C67D5100EB7FEE /* SceneDelegate.swift in Sources */,
				5EC41D9C29C67E1000EB7FEE /* Constants.swift in Sources */,
			);
			runOnlyForDeploymentPostprocessing = 0;
		};
/* End PBXSourcesBuildPhase section */

/* Begin PBXVariantGroup section */
		5EC41D8C29C67D5100EB7FEE /* Main.storyboard */ = {
			isa = PBXVariantGroup;
			children = (
				5EC41D8D29C67D5100EB7FEE /* Base */,
			);
			name = Main.storyboard;
			sourceTree = "<group>";
		};
		5EC41D9129C67D5200EB7FEE /* LaunchScreen.storyboard */ = {
			isa = PBXVariantGroup;
			children = (
				5EC41D9229C67D5200EB7FEE /* Base */,
			);
			name = LaunchScreen.storyboard;
			sourceTree = "<group>";
		};
/* End PBXVariantGroup section */

/* Begin XCBuildConfiguration section */
		5EC41D9529C67D5200EB7FEE /* Debug */ = {
			isa = XCBuildConfiguration;
			buildSettings = {
				ALWAYS_SEARCH_USER_PATHS = NO;
				CLANG_ANALYZER_NONNULL = YES;
				CLANG_ANALYZER_NUMBER_OBJECT_CONVERSION = YES_AGGRESSIVE;
				CLANG_CXX_LANGUAGE_STANDARD = "gnu++20";
				CLANG_ENABLE_MODULES = YES;
				CLANG_ENABLE_OBJC_ARC = YES;
				CLANG_ENABLE_OBJC_WEAK = YES;
				CLANG_WARN_BLOCK_CAPTURE_AUTORELEASING = YES;
				CLANG_WARN_BOOL_CONVERSION = YES;
				CLANG_WARN_COMMA = YES;
				CLANG_WARN_CONSTANT_CONVERSION = YES;
				CLANG_WARN_DEPRECATED_OBJC_IMPLEMENTATIONS = YES;
				CLANG_WARN_DIRECT_OBJC_ISA_USAGE = YES_ERROR;
				CLANG_WARN_DOCUMENTATION_COMMENTS = YES;
				CLANG_WARN_EMPTY_BODY = YES;
				CLANG_WARN_ENUM_CONVERSION = YES;
				CLANG_WARN_INFINITE_RECURSION = YES;
				CLANG_WARN_INT_CONVERSION = YES;
				CLANG_WARN_NON_LITERAL_NULL_CONVERSION = YES;
				CLANG_WARN_OBJC_IMPLICIT_RETAIN_SELF = YES;
				CLANG_WARN_OBJC_LITERAL_CONVERSION = YES;
				CLANG_WARN_OBJC_ROOT_CLASS = YES_ERROR;
				CLANG_WARN_QUOTED_INCLUDE_IN_FRAMEWORK_HEADER = YES;
				CLANG_WARN_RANGE_LOOP_ANALYSIS = YES;
				CLANG_WARN_STRICT_PROTOTYPES = YES;
				CLANG_WARN_SUSPICIOUS_MOVE = YES;
				CLANG_WARN_UNGUARDED_AVAILABILITY = YES_AGGRESSIVE;
				CLANG_WARN_UNREACHABLE_CODE = YES;
				CLANG_WARN__DUPLICATE_METHOD_MATCH = YES;
				COPY_PHASE_STRIP = NO;
				DEBUG_INFORMATION_FORMAT = dwarf;
				ENABLE_STRICT_OBJC_MSGSEND = YES;
				ENABLE_TESTABILITY = YES;
				GCC_C_LANGUAGE_STANDARD = gnu11;
				GCC_DYNAMIC_NO_PIC = NO;
				GCC_NO_COMMON_BLOCKS = YES;
				GCC_OPTIMIZATION_LEVEL = 0;
				GCC_PREPROCESSOR_DEFINITIONS = (
					"DEBUG=1",
					"$(inherited)",
				);
				GCC_WARN_64_TO_32_BIT_CONVERSION = YES;
				GCC_WARN_ABOUT_RETURN_TYPE = YES_ERROR;
				GCC_WARN_UNDECLARED_SELECTOR = YES;
				GCC_WARN_UNINITIALIZED_AUTOS = YES_AGGRESSIVE;
				GCC_WARN_UNUSED_FUNCTION = YES;
				GCC_WARN_UNUSED_VARIABLE = YES;
				IPHONEOS_DEPLOYMENT_TARGET = 16.2;
				MTL_ENABLE_DEBUG_INFO = INCLUDE_SOURCE;
				MTL_FAST_MATH = YES;
				ONLY_ACTIVE_ARCH = YES;
				SDKROOT = iphoneos;
				SWIFT_ACTIVE_COMPILATION_CONDITIONS = DEBUG;
				SWIFT_OPTIMIZATION_LEVEL = "-Onone";
			};
			name = Debug;
		};
		5EC41D9629C67D5200EB7FEE /* Release */ = {
			isa = XCBuildConfiguration;
			buildSettings = {
				ALWAYS_SEARCH_USER_PATHS = NO;
				CLANG_ANALYZER_NONNULL = YES;
				CLANG_ANALYZER_NUMBER_OBJECT_CONVERSION = YES_AGGRESSIVE;
				CLANG_CXX_LANGUAGE_STANDARD = "gnu++20";
				CLANG_ENABLE_MODULES = YES;
				CLANG_ENABLE_OBJC_ARC = YES;
				CLANG_ENABLE_OBJC_WEAK = YES;
				CLANG_WARN_BLOCK_CAPTURE_AUTORELEASING = YES;
				CLANG_WARN_BOOL_CONVERSION = YES;
				CLANG_WARN_COMMA = YES;
				CLANG_WARN_CONSTANT_CONVERSION = YES;
				CLANG_WARN_DEPRECATED_OBJC_IMPLEMENTATIONS = YES;
				CLANG_WARN_DIRECT_OBJC_ISA_USAGE = YES_ERROR;
				CLANG_WARN_DOCUMENTATION_COMMENTS = YES;
				CLANG_WARN_EMPTY_BODY = YES;
				CLANG_WARN_ENUM_CONVERSION = YES;
				CLANG_WARN_INFINITE_RECURSION = YES;
				CLANG_WARN_INT_CONVERSION = YES;
				CLANG_WARN_NON_LITERAL_NULL_CONVERSION = YES;
				CLANG_WARN_OBJC_IMPLICIT_RETAIN_SELF = YES;
				CLANG_WARN_OBJC_LITERAL_CONVERSION = YES;
				CLANG_WARN_OBJC_ROOT_CLASS = YES_ERROR;
				CLANG_WARN_QUOTED_INCLUDE_IN_FRAMEWORK_HEADER = YES;
				CLANG_WARN_RANGE_LOOP_ANALYSIS = YES;
				CLANG_WARN_STRICT_PROTOTYPES = YES;
				CLANG_WARN_SUSPICIOUS_MOVE = YES;
				CLANG_WARN_UNGUARDED_AVAILABILITY = YES_AGGRESSIVE;
				CLANG_WARN_UNREACHABLE_CODE = YES;
				CLANG_WARN__DUPLICATE_METHOD_MATCH = YES;
				COPY_PHASE_STRIP = NO;
				DEBUG_INFORMATION_FORMAT = "dwarf-with-dsym";
				ENABLE_NS_ASSERTIONS = NO;
				ENABLE_STRICT_OBJC_MSGSEND = YES;
				GCC_C_LANGUAGE_STANDARD = gnu11;
				GCC_NO_COMMON_BLOCKS = YES;
				GCC_WARN_64_TO_32_BIT_CONVERSION = YES;
				GCC_WARN_ABOUT_RETURN_TYPE = YES_ERROR;
				GCC_WARN_UNDECLARED_SELECTOR = YES;
				GCC_WARN_UNINITIALIZED_AUTOS = YES_AGGRESSIVE;
				GCC_WARN_UNUSED_FUNCTION = YES;
				GCC_WARN_UNUSED_VARIABLE = YES;
				IPHONEOS_DEPLOYMENT_TARGET = 16.2;
				MTL_ENABLE_DEBUG_INFO = NO;
				MTL_FAST_MATH = YES;
				SDKROOT = iphoneos;
				SWIFT_COMPILATION_MODE = wholemodule;
				SWIFT_OPTIMIZATION_LEVEL = "-O";
				VALIDATE_PRODUCT = YES;
			};
			name = Release;
		};
		5EC41D9829C67D5200EB7FEE /* Debug */ = {
			isa = XCBuildConfiguration;
			baseConfigurationReference = C6952BEF8D630BA645C00431 /* Pods-FinancialModel.debug.xcconfig */;
			buildSettings = {
				ASSETCATALOG_COMPILER_APPICON_NAME = AppIcon;
				ASSETCATALOG_COMPILER_GLOBAL_ACCENT_COLOR_NAME = AccentColor;
				CODE_SIGN_STYLE = Automatic;
				CURRENT_PROJECT_VERSION = 1;
				DEVELOPMENT_TEAM = 545JV2CLD7;
				GENERATE_INFOPLIST_FILE = YES;
				INFOPLIST_FILE = FinancialModel/Info.plist;
				INFOPLIST_KEY_UIApplicationSupportsIndirectInputEvents = YES;
				INFOPLIST_KEY_UILaunchStoryboardName = LaunchScreen;
				INFOPLIST_KEY_UIMainStoryboardFile = Main;
				INFOPLIST_KEY_UISupportedInterfaceOrientations_iPad = "UIInterfaceOrientationPortrait UIInterfaceOrientationPortraitUpsideDown UIInterfaceOrientationLandscapeLeft UIInterfaceOrientationLandscapeRight";
				INFOPLIST_KEY_UISupportedInterfaceOrientations_iPhone = "UIInterfaceOrientationPortrait UIInterfaceOrientationLandscapeLeft UIInterfaceOrientationLandscapeRight";
				LD_RUNPATH_SEARCH_PATHS = (
					"$(inherited)",
					"@executable_path/Frameworks",
				);
				MARKETING_VERSION = 1.0;
				PRODUCT_BUNDLE_IDENTIFIER = edu.northeastern.yixinguan.FinancialModel;
				PRODUCT_NAME = "$(TARGET_NAME)";
				SWIFT_EMIT_LOC_STRINGS = YES;
				SWIFT_VERSION = 5.0;
				TARGETED_DEVICE_FAMILY = "1,2";
			};
			name = Debug;
		};
		5EC41D9929C67D5200EB7FEE /* Release */ = {
			isa = XCBuildConfiguration;
			baseConfigurationReference = D00D509F02C18EF7A14F7C63 /* Pods-FinancialModel.release.xcconfig */;
			buildSettings = {
				ASSETCATALOG_COMPILER_APPICON_NAME = AppIcon;
				ASSETCATALOG_COMPILER_GLOBAL_ACCENT_COLOR_NAME = AccentColor;
				CODE_SIGN_STYLE = Automatic;
				CURRENT_PROJECT_VERSION = 1;
				DEVELOPMENT_TEAM = 545JV2CLD7;
				GENERATE_INFOPLIST_FILE = YES;
				INFOPLIST_FILE = FinancialModel/Info.plist;
				INFOPLIST_KEY_UIApplicationSupportsIndirectInputEvents = YES;
				INFOPLIST_KEY_UILaunchStoryboardName = LaunchScreen;
				INFOPLIST_KEY_UIMainStoryboardFile = Main;
				INFOPLIST_KEY_UISupportedInterfaceOrientations_iPad = "UIInterfaceOrientationPortrait UIInterfaceOrientationPortraitUpsideDown UIInterfaceOrientationLandscapeLeft UIInterfaceOrientationLandscapeRight";
				INFOPLIST_KEY_UISupportedInterfaceOrientations_iPhone = "UIInterfaceOrientationPortrait UIInterfaceOrientationLandscapeLeft UIInterfaceOrientationLandscapeRight";
				LD_RUNPATH_SEARCH_PATHS = (
					"$(inherited)",
					"@executable_path/Frameworks",
				);
				MARKETING_VERSION = 1.0;
				PRODUCT_BUNDLE_IDENTIFIER = edu.northeastern.yixinguan.FinancialModel;
				PRODUCT_NAME = "$(TARGET_NAME)";
				SWIFT_EMIT_LOC_STRINGS = YES;
				SWIFT_VERSION = 5.0;
				TARGETED_DEVICE_FAMILY = "1,2";
			};
			name = Release;
		};
/* End XCBuildConfiguration section */

/* Begin XCConfigurationList section */
		5EC41D7E29C67D5100EB7FEE /* Build configuration list for PBXProject "FinancialModel" */ = {
			isa = XCConfigurationList;
			buildConfigurations = (
				5EC41D9529C67D5200EB7FEE /* Debug */,
				5EC41D9629C67D5200EB7FEE /* Release */,
			);
			defaultConfigurationIsVisible = 0;
			defaultConfigurationName = Release;
		};
		5EC41D9729C67D5200EB7FEE /* Build configuration list for PBXNativeTarget "FinancialModel" */ = {
			isa = XCConfigurationList;
			buildConfigurations = (
				5EC41D9829C67D5200EB7FEE /* Debug */,
				5EC41D9929C67D5200EB7FEE /* Release */,
			);
			defaultConfigurationIsVisible = 0;
			defaultConfigurationName = Release;
		};
/* End XCConfigurationList section */
	};
	rootObject = 5EC41D7B29C67D5100EB7FEE /* Project object */;
}
